
Microsoft Visual Studio Solution File, Format Version 12.00
# Visual Studio 15
VisualStudioVersion = 15.0.27428.2037
MinimumVisualStudioVersion = 10.0.40219.1
Project("{FAE04EC0-301F-11D3-BF4B-00C04F79EFBC}") = "ConNorth", "ConNorth\ConNorth.csproj", "{3230ED5D-988A-4813-A254-CCBB23DEC123}"
EndProject
Global
	GlobalSection(SolutionConfigurationPlatforms) = preSolution
		Debug|Any CPU = Debug|Any CPU
		Release|Any CPU = Release|Any CPU
	EndGlobalSection
	GlobalSection(ProjectConfigurationPlatforms) = postSolution
		{3230ED5D-988A-4813-A254-CCBB23DEC123}.Debug|Any CPU.ActiveCfg = Debug|Any CPU
		{3230ED5D-988A-4813-A254-CCBB23DEC123}.Debug|Any CPU.Build.0 = Debug|Any CPU
		{3230ED5D-988A-4813-A254-CCBB23DEC123}.Release|Any CPU.ActiveCfg = Release|Any CPU
		{3230ED5D-988A-4813-A254-CCBB23DEC123}.Release|Any CPU.Build.0 = Release|Any CPU
	EndGlobalSection
	GlobalSection(SolutionProperties) = preSolution
		HideSolutionNode = FALSE
	EndGlobalSection
	GlobalSection(ExtensibilityGlobals) = postSolution
		SolutionGuid = {D4DE364E-5037-4762-950D-D2B62E971D85}
	EndGlobalSection
EndGlobal
